
Microsoft Visual Studio Solution File, Format Version 12.00
# Visual Studio Version 17
VisualStudioVersion = 17.8.34322.80
MinimumVisualStudioVersion = 10.0.40219.1
Project("{FAE04EC0-301F-11D3-BF4B-00C04F79EFBC}") = "PSWMNGUI", "PSWMNGUI\PSWMNGUI.csproj", "{FFBB37B8-7659-498D-A5E1-3F50C7D48565}"
EndProject
Global
	GlobalSection(SolutionConfigurationPlatforms) = preSolution
		Debug|Any CPU = Debug|Any CPU
		Release|Any CPU = Release|Any CPU
	EndGlobalSection
	GlobalSection(ProjectConfigurationPlatforms) = postSolution
		{FFBB37B8-7659-498D-A5E1-3F50C7D48565}.Debug|Any CPU.ActiveCfg = Debug|Any CPU
		{FFBB37B8-7659-498D-A5E1-3F50C7D48565}.Debug|Any CPU.Build.0 = Debug|Any CPU
		{FFBB37B8-7659-498D-A5E1-3F50C7D48565}.Release|Any CPU.ActiveCfg = Release|Any CPU
		{FFBB37B8-7659-498D-A5E1-3F50C7D48565}.Release|Any CPU.Build.0 = Release|Any CPU
	EndGlobalSection
	GlobalSection(SolutionProperties) = preSolution
		HideSolutionNode = FALSE
	EndGlobalSection
	GlobalSection(ExtensibilityGlobals) = postSolution
		SolutionGuid = {54A7E7D0-3269-4A15-B8F9-7507B872343D}
	EndGlobalSection
EndGlobal
